{
  "name": "@yzl-cli-dev/init",
  "version": "1.0.0",
  "lockfileVersion": 2,
  "requires": true,
  "packages": {
    "": {
      "name": "@yzl-cli-dev/init",
      "version": "1.0.0",
      "license": "ISC",
      "dependencies": {
        "@yzl-cli-dev/command": "file:../../models/command",
        "@yzl-cli-dev/log": "file:../../utils/log"
      }
    },
    "../../models/command": {
      "name": "@yzl-cli-dev/command",
      "version": "1.0.0",
      "license": "ISC",
      "dependencies": {
        "@yzl-cli-dev/log": "file:../../utils/log",
        "colors": "^1.4.0",
        "semver": "^7.3.7"
      }
    },
    "../../utils/log": {
      "version": "1.0.4",
      "license": "ISC",
      "dependencies": {
        "npmlog": "^6.0.2"
      }
    },
    "node_modules/@yzl-cli-dev/command": {
      "resolved": "../../models/command",
      "link": true
    },
    "node_modules/@yzl-cli-dev/log": {
      "resolved": "../../utils/log",
      "link": true
    }
  },
  "dependencies": {
    "@yzl-cli-dev/command": {
      "version": "file:../../models/command",
      "requires": {
        "@yzl-cli-dev/log": "file:../../utils/log",
        "colors": "^1.4.0",
        "semver": "^7.3.7"
      }
    },
    "@yzl-cli-dev/log": {
      "version": "file:../../utils/log",
      "requires": {
        "npmlog": "^6.0.2"
      }
    }
  }
}
