{
  "name": "@yzl-cli-dev/command",
  "version": "1.0.0",
  "lockfileVersion": 2,
  "requires": true,
  "packages": {
    "": {
      "name": "@yzl-cli-dev/command",
      "version": "1.0.0",
      "license": "ISC",
      "dependencies": {
        "@yzl-cli-dev/log": "file:../../utils/log",
        "colors": "^1.4.0",
        "semver": "^7.3.7"
      }
    },
    "../../utils/log": {
      "name": "@yzl-cli-dev/log",
      "version": "1.0.4",
      "license": "ISC",
      "dependencies": {
        "npmlog": "^6.0.2"
      }
    },
    "../../utils/utils": {
      "name": "@yzl-cli-dev/utils",
      "version": "1.0.4",
      "extraneous": true,
      "license": "ISC"
    },
    "node_modules/_colors@1.4.0@colors": {
      "name": "colors",
      "version": "1.4.0",
      "license": "MIT",
      "engines": {
        "node": ">=0.1.90"
      }
    },
    "node_modules/_lru-cache@6.0.0@lru-cache": {
      "name": "lru-cache",
      "version": "6.0.0",
      "license": "ISC",
      "dependencies": {
        "yallist": "^4.0.0"
      },
      "engines": {
        "node": ">=10"
      }
    },
    "node_modules/_lru-cache@6.0.0@lru-cache/node_modules/yallist": {
      "resolved": "node_modules/_yallist@4.0.0@yallist",
      "link": true
    },
    "node_modules/_semver@7.3.7@semver": {
      "name": "semver",
      "version": "7.3.7",
      "license": "ISC",
      "dependencies": {
        "lru-cache": "^6.0.0"
      },
      "bin": {
        "semver": "bin/semver.js"
      },
      "engines": {
        "node": ">=10"
      }
    },
    "node_modules/_semver@7.3.7@semver/node_modules/lru-cache": {
      "resolved": "node_modules/_lru-cache@6.0.0@lru-cache",
      "link": true
    },
    "node_modules/_yallist@4.0.0@yallist": {
      "name": "yallist",
      "version": "4.0.0",
      "license": "ISC"
    },
    "node_modules/@yzl-cli-dev/log": {
      "resolved": "../../utils/log",
      "link": true
    },
    "node_modules/colors": {
      "resolved": "node_modules/_colors@1.4.0@colors",
      "link": true
    },
    "node_modules/semver": {
      "resolved": "node_modules/_semver@7.3.7@semver",
      "link": true
    }
  },
  "dependencies": {
    "_colors@1.4.0@colors": {
      "version": "npm:colors@1.4.0"
    },
    "_lru-cache@6.0.0@lru-cache": {
      "version": "npm:lru-cache@6.0.0",
      "requires": {
        "yallist": "^4.0.0"
      },
      "dependencies": {
        "yallist": {
          "version": "file:node_modules/_yallist@4.0.0@yallist"
        }
      }
    },
    "_semver@7.3.7@semver": {
      "version": "npm:semver@7.3.7",
      "requires": {
        "lru-cache": "^6.0.0"
      },
      "dependencies": {
        "lru-cache": {
          "version": "file:node_modules/_lru-cache@6.0.0@lru-cache",
          "requires": {
            "yallist": "^4.0.0"
          },
          "dependencies": {
            "yallist": {
              "version": "file:node_modules/_yallist@4.0.0@yallist"
            }
          }
        }
      }
    },
    "_yallist@4.0.0@yallist": {
      "version": "npm:yallist@4.0.0"
    },
    "@yzl-cli-dev/log": {
      "version": "file:../../utils/log",
      "requires": {
        "npmlog": "^6.0.2"
      }
    },
    "colors": {
      "version": "file:node_modules/_colors@1.4.0@colors"
    },
    "semver": {
      "version": "file:node_modules/_semver@7.3.7@semver",
      "requires": {
        "lru-cache": "^6.0.0"
      },
      "dependencies": {
        "lru-cache": {
          "version": "file:node_modules/_lru-cache@6.0.0@lru-cache",
          "requires": {
            "yallist": "^4.0.0"
          },
          "dependencies": {
            "yallist": {
              "version": "file:node_modules/_yallist@4.0.0@yallist"
            }
          }
        }
      }
    }
  }
}
