{
  "name": "@yzl-cli-dev/exec",
  "version": "1.0.0",
  "lockfileVersion": 2,
  "requires": true,
  "packages": {
    "": {
      "name": "@yzl-cli-dev/exec",
      "version": "1.0.0",
      "license": "ISC",
      "dependencies": {
        "@yzl-cli-dev/log": "file:../../utils/log",
        "@yzl-cli-dev/package": "file:../../models/package",
        "@yzl-cli-dev/utils": "file:../../utils/utils"
      }
    },
    "../../models/package": {
      "name": "@yzl-cli-dev/package",
      "version": "1.0.0",
      "license": "ISC",
      "dependencies": {
        "@yzl-cli-dev/format-path": "file:../../utils/format-path",
        "@yzl-cli-dev/get-npm-info": "file:../../utils/get-npm-info",
        "@yzl-cli-dev/log": "file:../../utils/log",
        "@yzl-cli-dev/utils": "file:../../utils/utils",
        "fs-extra": "^10.1.0",
        "npminstall": "^6.2.0",
        "path-exists": "^4.0.0",
        "pkg-dir": "^5.0.0"
      }
    },
    "../../utils/log": {
      "name": "@yzl-cli-dev/log",
      "version": "1.0.4",
      "license": "ISC",
      "dependencies": {
        "npmlog": "^6.0.2"
      }
    },
    "../../utils/utils": {
      "version": "1.0.4",
      "license": "ISC",
      "dependencies": {
        "cli-spinner": "^0.2.10"
      }
    },
    "models/package": {
      "extraneous": true
    },
    "node_modules/@yzl-cli-dev/log": {
      "resolved": "../../utils/log",
      "link": true
    },
    "node_modules/@yzl-cli-dev/package": {
      "resolved": "../../models/package",
      "link": true
    },
    "node_modules/@yzl-cli-dev/utils": {
      "resolved": "../../utils/utils",
      "link": true
    }
  },
  "dependencies": {
    "@yzl-cli-dev/log": {
      "version": "file:../../utils/log",
      "requires": {
        "npmlog": "^6.0.2"
      }
    },
    "@yzl-cli-dev/package": {
      "version": "file:../../models/package",
      "requires": {
        "@yzl-cli-dev/format-path": "file:../../utils/format-path",
        "@yzl-cli-dev/get-npm-info": "file:../../utils/get-npm-info",
        "@yzl-cli-dev/log": "file:../../utils/log",
        "@yzl-cli-dev/utils": "file:../../utils/utils",
        "fs-extra": "^10.1.0",
        "npminstall": "^6.2.0",
        "path-exists": "^4.0.0",
        "pkg-dir": "^5.0.0"
      }
    },
    "@yzl-cli-dev/utils": {
      "version": "file:../../utils/utils",
      "requires": {
        "cli-spinner": "^0.2.10"
      }
    }
  }
}
